
Microsoft Visual Studio Solution File, Format Version 12.00
# Visual Studio Version 16
VisualStudioVersion = 16.0.32002.261
MinimumVisualStudioVersion = 10.0.40219.1
Project("{FAE04EC0-301F-11D3-BF4B-00C04F79EFBC}") = "AdapterAndFactoryDesignPattern", "AdapterAndFactoryDesignPattern\AdapterAndFactoryDesignPattern.csproj", "{FA9D7B51-3C07-4174-AB52-74AA0FC5823A}"
EndProject
Global
	GlobalSection(SolutionConfigurationPlatforms) = preSolution
		Debug|Any CPU = Debug|Any CPU
		Release|Any CPU = Release|Any CPU
	EndGlobalSection
	GlobalSection(ProjectConfigurationPlatforms) = postSolution
		{FA9D7B51-3C07-4174-AB52-74AA0FC5823A}.Debug|Any CPU.ActiveCfg = Debug|Any CPU
		{FA9D7B51-3C07-4174-AB52-74AA0FC5823A}.Debug|Any CPU.Build.0 = Debug|Any CPU
		{FA9D7B51-3C07-4174-AB52-74AA0FC5823A}.Release|Any CPU.ActiveCfg = Release|Any CPU
		{FA9D7B51-3C07-4174-AB52-74AA0FC5823A}.Release|Any CPU.Build.0 = Release|Any CPU
	EndGlobalSection
	GlobalSection(SolutionProperties) = preSolution
		HideSolutionNode = FALSE
	EndGlobalSection
	GlobalSection(ExtensibilityGlobals) = postSolution
		SolutionGuid = {98299270-7038-476B-94FC-8F5E0D7330D1}
	EndGlobalSection
EndGlobal
